{
  "nodes": {
    "autodocodec": {
      "flake": false,
      "locked": {
        "lastModified": 1678548067,
        "narHash": "sha256-k+D2WEbUrUlwXtiP6FPk/tuX2IEp8+FZOID316nEmJk=",
        "owner": "NorfairKing",
        "repo": "autodocodec",
        "rev": "fa4d53e6c7694427c9d777b883fc446c4f3651b0",
        "type": "github"
      },
      "original": {
        "owner": "NorfairKing",
        "repo": "autodocodec",
        "type": "github"
      }
    },
    "dekking": {
      "flake": false,
      "locked": {
        "lastModified": 1680460703,
        "narHash": "sha256-6HvP5CXtDS6ZWRvIx+uD4g/sek3Us6/b4JspwU1N2XU=",
        "owner": "NorfairKing",
        "repo": "dekking",
        "rev": "74b2571690c57786f397a8c80274a2a019a5666b",
        "type": "github"
      },
      "original": {
        "owner": "NorfairKing",
        "repo": "dekking",
        "type": "github"
      }
    },
    "flake-compat": {
      "flake": false,
      "locked": {
        "lastModified": 1673956053,
        "narHash": "sha256-4gtG9iQuiKITOjNQQeQIpoIB6b16fm+504Ch3sNKLd8=",
        "owner": "edolstra",
        "repo": "flake-compat",
        "rev": "35bb57c0c8d8b62bbfd284272c928ceb64ddbde9",
        "type": "github"
      },
      "original": {
        "owner": "edolstra",
        "repo": "flake-compat",
        "type": "github"
      }
    },
    "flake-utils": {
      "locked": {
        "lastModified": 1667395993,
        "narHash": "sha256-nuEHfE/LcWyuSWnS8t12N1wc105Qtau+/OdUAjtQ0rA=",
        "owner": "numtide",
        "repo": "flake-utils",
        "rev": "5aed5285a952e0b949eb3ba02c12fa4fcfef535f",
        "type": "github"
      },
      "original": {
        "owner": "numtide",
        "repo": "flake-utils",
        "type": "github"
      }
    },
    "gitignore": {
      "inputs": {
        "nixpkgs": [
          "pre-commit-hooks",
          "nixpkgs"
        ]
      },
      "locked": {
        "lastModified": 1660459072,
        "narHash": "sha256-8DFJjXG8zqoONA1vXtgeKXy68KdJL5UaXR8NtVMUbx8=",
        "owner": "hercules-ci",
        "repo": "gitignore.nix",
        "rev": "a20de23b925fd8264fd7fad6454652e142fd7f73",
        "type": "github"
      },
      "original": {
        "owner": "hercules-ci",
        "repo": "gitignore.nix",
        "type": "github"
      }
    },
    "nixpkgs": {
      "locked": {
        "lastModified": 1680865339,
        "narHash": "sha256-H6rmJ1CyJ3Q5ZyoLMYq/UEYMS9Q1orJjRpWiQ47HudE=",
        "owner": "NixOS",
        "repo": "nixpkgs",
        "rev": "0040164e473509b4aee6aedb3b923e400d6df10b",
        "type": "github"
      },
      "original": {
        "owner": "NixOS",
        "ref": "nixos-22.11",
        "repo": "nixpkgs",
        "type": "github"
      }
    },
    "nixpkgs-22_05": {
      "locked": {
        "lastModified": 1672580127,
        "narHash": "sha256-3lW3xZslREhJogoOkjeZtlBtvFMyxHku7I/9IVehhT8=",
        "owner": "NixOS",
        "repo": "nixpkgs",
        "rev": "0874168639713f547c05947c76124f78441ea46c",
        "type": "github"
      },
      "original": {
        "owner": "NixOS",
        "ref": "nixos-22.05",
        "repo": "nixpkgs",
        "type": "github"
      }
    },
    "nixpkgs-stable": {
      "locked": {
        "lastModified": 1678872516,
        "narHash": "sha256-/E1YwtMtFAu2KUQKV/1+KFuReYPANM2Rzehk84VxVoc=",
        "owner": "NixOS",
        "repo": "nixpkgs",
        "rev": "9b8e5abb18324c7fe9f07cb100c3cd4a29cda8b8",
        "type": "github"
      },
      "original": {
        "owner": "NixOS",
        "ref": "nixos-22.11",
        "repo": "nixpkgs",
        "type": "github"
      }
    },
    "nixpkgs_2": {
      "locked": {
        "lastModified": 1678898370,
        "narHash": "sha256-xTICr1j+uat5hk9FyuPOFGxpWHdJRibwZC+ATi0RbtE=",
        "owner": "NixOS",
        "repo": "nixpkgs",
        "rev": "ac718d02867a84b42522a0ece52d841188208f2c",
        "type": "github"
      },
      "original": {
        "owner": "NixOS",
        "ref": "nixos-unstable",
        "repo": "nixpkgs",
        "type": "github"
      }
    },
    "pre-commit-hooks": {
      "inputs": {
        "flake-compat": "flake-compat",
        "flake-utils": "flake-utils",
        "gitignore": "gitignore",
        "nixpkgs": "nixpkgs_2",
        "nixpkgs-stable": "nixpkgs-stable"
      },
      "locked": {
        "lastModified": 1680948944,
        "narHash": "sha256-GYVDP6QHkHfj6FEgVny78BjwpNfPgoU8NE3oFt//DFY=",
        "owner": "cachix",
        "repo": "pre-commit-hooks.nix",
        "rev": "b718acb57c432afe527f89672d00542fcd59fd68",
        "type": "github"
      },
      "original": {
        "owner": "cachix",
        "repo": "pre-commit-hooks.nix",
        "type": "github"
      }
    },
    "root": {
      "inputs": {
        "autodocodec": "autodocodec",
        "dekking": "dekking",
        "nixpkgs": "nixpkgs",
        "nixpkgs-22_05": "nixpkgs-22_05",
        "pre-commit-hooks": "pre-commit-hooks",
        "safe-coloured-text": "safe-coloured-text",
        "sydtest": "sydtest",
        "validity": "validity"
      }
    },
    "safe-coloured-text": {
      "flake": false,
      "locked": {
        "lastModified": 1669817722,
        "narHash": "sha256-2RTGykR47BhFYXc0bk9Btrik3t39kS5jr9CUxMlDpUg=",
        "owner": "NorfairKing",
        "repo": "safe-coloured-text",
        "rev": "f18578151d579c495eda46b8eeafcddb69adea07",
        "type": "github"
      },
      "original": {
        "owner": "NorfairKing",
        "repo": "safe-coloured-text",
        "type": "github"
      }
    },
    "sydtest": {
      "flake": false,
      "locked": {
        "lastModified": 1680939455,
        "narHash": "sha256-bDPZ1mm+6txborJcnvRkU2QfYXHaaqHdfMLVulS4CXs=",
        "owner": "NorfairKing",
        "repo": "sydtest",
        "rev": "c27494342ab0102681f67cb28679ca7cf1d77bc4",
        "type": "github"
      },
      "original": {
        "owner": "NorfairKing",
        "repo": "sydtest",
        "type": "github"
      }
    },
    "validity": {
      "flake": false,
      "locked": {
        "lastModified": 1669817739,
        "narHash": "sha256-9b+ZlM5HnTa9naN95QWVwVsssFdX71GA02JFmGxBayA=",
        "owner": "NorfairKing",
        "repo": "validity",
        "rev": "a251897dc1eb7e851fd4d3dbc6fa976d22388f27",
        "type": "github"
      },
      "original": {
        "owner": "NorfairKing",
        "repo": "validity",
        "type": "github"
      }
    }
  },
  "root": "root",
  "version": 7
}
